
Microsoft Visual Studio Solution File, Format Version 12.00
# Visual Studio 16
Project("{8BC9CEB8-8B4A-11D0-8D11-00A0C91BC942}") = "OverEditor", "OverEditor\OverEditor.vcxproj", "{68DFF54B-5497-3799-BD9E-10F5A975D289}"
EndProject
Project("{8BC9CEB8-8B4A-11D0-8D11-00A0C91BC942}") = "OverEditorExec", "OverEditorExec\OverEditorExec.vcxproj", "{6D354F09-5903-430F-4297-B3352E041F74}"
EndProject
Project("{8BC9CEB8-8B4A-11D0-8D11-00A0C91BC942}") = "OverEngine", "OverEngine\OverEngine.vcxproj", "{B78CA94C-A344-EB99-0C4C-C4F5F822868A}"
EndProject
Project("{8BC9CEB8-8B4A-11D0-8D11-00A0C91BC942}") = "OverPlayerExec", "OverPlayerExec\OverPlayerExec.vcxproj", "{53EC27E1-3FBA-1BE7-284E-8C0D14BBF74B}"
EndProject
Global
	GlobalSection(SolutionConfigurationPlatforms) = preSolution
		Debug|x64 = Debug|x64
		Dist|x64 = Dist|x64
		Realease|x64 = Realease|x64
	EndGlobalSection
	GlobalSection(ProjectConfigurationPlatforms) = postSolution
		{68DFF54B-5497-3799-BD9E-10F5A975D289}.Debug|x64.ActiveCfg = Debug|x64
		{68DFF54B-5497-3799-BD9E-10F5A975D289}.Debug|x64.Build.0 = Debug|x64
		{68DFF54B-5497-3799-BD9E-10F5A975D289}.Dist|x64.ActiveCfg = Dist|x64
		{68DFF54B-5497-3799-BD9E-10F5A975D289}.Dist|x64.Build.0 = Dist|x64
		{68DFF54B-5497-3799-BD9E-10F5A975D289}.Realease|x64.ActiveCfg = Realease|x64
		{68DFF54B-5497-3799-BD9E-10F5A975D289}.Realease|x64.Build.0 = Realease|x64
		{6D354F09-5903-430F-4297-B3352E041F74}.Debug|x64.ActiveCfg = Debug|x64
		{6D354F09-5903-430F-4297-B3352E041F74}.Debug|x64.Build.0 = Debug|x64
		{6D354F09-5903-430F-4297-B3352E041F74}.Dist|x64.ActiveCfg = Dist|x64
		{6D354F09-5903-430F-4297-B3352E041F74}.Dist|x64.Build.0 = Dist|x64
		{6D354F09-5903-430F-4297-B3352E041F74}.Realease|x64.ActiveCfg = Realease|x64
		{6D354F09-5903-430F-4297-B3352E041F74}.Realease|x64.Build.0 = Realease|x64
		{B78CA94C-A344-EB99-0C4C-C4F5F822868A}.Debug|x64.ActiveCfg = Debug|x64
		{B78CA94C-A344-EB99-0C4C-C4F5F822868A}.Debug|x64.Build.0 = Debug|x64
		{B78CA94C-A344-EB99-0C4C-C4F5F822868A}.Dist|x64.ActiveCfg = Dist|x64
		{B78CA94C-A344-EB99-0C4C-C4F5F822868A}.Dist|x64.Build.0 = Dist|x64
		{B78CA94C-A344-EB99-0C4C-C4F5F822868A}.Realease|x64.ActiveCfg = Realease|x64
		{B78CA94C-A344-EB99-0C4C-C4F5F822868A}.Realease|x64.Build.0 = Realease|x64
		{53EC27E1-3FBA-1BE7-284E-8C0D14BBF74B}.Debug|x64.ActiveCfg = Debug|x64
		{53EC27E1-3FBA-1BE7-284E-8C0D14BBF74B}.Debug|x64.Build.0 = Debug|x64
		{53EC27E1-3FBA-1BE7-284E-8C0D14BBF74B}.Dist|x64.ActiveCfg = Dist|x64
		{53EC27E1-3FBA-1BE7-284E-8C0D14BBF74B}.Dist|x64.Build.0 = Dist|x64
		{53EC27E1-3FBA-1BE7-284E-8C0D14BBF74B}.Realease|x64.ActiveCfg = Realease|x64
		{53EC27E1-3FBA-1BE7-284E-8C0D14BBF74B}.Realease|x64.Build.0 = Realease|x64
	EndGlobalSection
	GlobalSection(SolutionProperties) = preSolution
		HideSolutionNode = FALSE
	EndGlobalSection
EndGlobal
