<?xml version="1.0" encoding="utf-8"?>
<Project ToolsVersion="4.0" xmlns="http://schemas.microsoft.com/developer/msbuild/2003">
  <ItemGroup>
    <Filter Include="resources">
      <UniqueIdentifier>{202B5BA7-8C95-0F1E-D5D3-C0C3417DED72}</UniqueIdentifier>
    </Filter>
    <Filter Include="resources\fonts">
      <UniqueIdentifier>{79FD2D9C-E588-9B60-EE99-1E555AA4F760}</UniqueIdentifier>
    </Filter>
    <Filter Include="src">
      <UniqueIdentifier>{2DAB880B-99B4-887C-2230-9F7C8E38947C}</UniqueIdentifier>
    </Filter>
    <Filter Include="src\OverEngine">
      <UniqueIdentifier>{6E29B083-5AF7-A389-438B-14B02FF87FEE}</UniqueIdentifier>
    </Filter>
    <Filter Include="src\OverEngine\DataStructs">
      <UniqueIdentifier>{8FC5B829-7BD5-64FA-E48E-C918D0BD5393}</UniqueIdentifier>
    </Filter>
    <Filter Include="src\OverEngine\Events">
      <UniqueIdentifier>{922D8758-FE99-4253-C78D-DAB033B964BB}</UniqueIdentifier>
    </Filter>
    <Filter Include="src\OverEngine\ImGui">
      <UniqueIdentifier>{1879F921-0408-83EB-AD26-97E699949391}</UniqueIdentifier>
    </Filter>
    <Filter Include="src\OverEngine\Input">
      <UniqueIdentifier>{EDB3FA21-D942-84EB-8261-98E66ECF9491}</UniqueIdentifier>
    </Filter>
    <Filter Include="src\OverEngine\Layers">
      <UniqueIdentifier>{6D186A67-D984-2562-A278-BDBF0EA447CA}</UniqueIdentifier>
    </Filter>
    <Filter Include="src\OverEngine\Renderer">
      <UniqueIdentifier>{D4E8038E-4020-4C25-492A-B048B5E0721E}</UniqueIdentifier>
    </Filter>
    <Filter Include="src\Platform">
      <UniqueIdentifier>{21CA02E5-0D2D-9289-B6B2-CA3FA2F45D0C}</UniqueIdentifier>
    </Filter>
    <Filter Include="src\Platform\OpenGL">
      <UniqueIdentifier>{35A49437-A105-7245-2A73-B8F796D3A804}</UniqueIdentifier>
    </Filter>
    <Filter Include="src\Platform\Windows">
      <UniqueIdentifier>{5B054582-4794-CE4B-F0B2-E246DC20DFF1}</UniqueIdentifier>
    </Filter>
  </ItemGroup>
  <ItemGroup>
    <ClInclude Include="resources\fonts\Roboto.h">
      <Filter>resources\fonts</Filter>
    </ClInclude>
    <ClInclude Include="src\OverEngine.h">
      <Filter>src</Filter>
    </ClInclude>
    <ClInclude Include="src\OverEngine\Application.h">
      <Filter>src\OverEngine</Filter>
    </ClInclude>
    <ClInclude Include="src\OverEngine\Core.h">
      <Filter>src\OverEngine</Filter>
    </ClInclude>
    <ClInclude Include="src\OverEngine\DataStructs\Vector2.h">
      <Filter>src\OverEngine\DataStructs</Filter>
    </ClInclude>
    <ClInclude Include="src\OverEngine\EntryPoint.h">
      <Filter>src\OverEngine</Filter>
    </ClInclude>
    <ClInclude Include="src\OverEngine\Events\ApplicationEvent.h">
      <Filter>src\OverEngine\Events</Filter>
    </ClInclude>
    <ClInclude Include="src\OverEngine\Events\Event.h">
      <Filter>src\OverEngine\Events</Filter>
    </ClInclude>
    <ClInclude Include="src\OverEngine\Events\KeyEvent.h">
      <Filter>src\OverEngine\Events</Filter>
    </ClInclude>
    <ClInclude Include="src\OverEngine\Events\MouseEvent.h">
      <Filter>src\OverEngine\Events</Filter>
    </ClInclude>
    <ClInclude Include="src\OverEngine\ImGui\ImGuiLayer.h">
      <Filter>src\OverEngine\ImGui</Filter>
    </ClInclude>
    <ClInclude Include="src\OverEngine\Input\Input.h">
      <Filter>src\OverEngine\Input</Filter>
    </ClInclude>
    <ClInclude Include="src\OverEngine\Input\KeyCodes.h">
      <Filter>src\OverEngine\Input</Filter>
    </ClInclude>
    <ClInclude Include="src\OverEngine\Layers\Layer.h">
      <Filter>src\OverEngine\Layers</Filter>
    </ClInclude>
    <ClInclude Include="src\OverEngine\Layers\LayerStack.h">
      <Filter>src\OverEngine\Layers</Filter>
    </ClInclude>
    <ClInclude Include="src\OverEngine\Log.h">
      <Filter>src\OverEngine</Filter>
    </ClInclude>
    <ClInclude Include="src\OverEngine\Renderer\RendererContext.h">
      <Filter>src\OverEngine\Renderer</Filter>
    </ClInclude>
    <ClInclude Include="src\OverEngine\Window.h">
      <Filter>src\OverEngine</Filter>
    </ClInclude>
    <ClInclude Include="src\Platform\OpenGL\OpenGLContext.h">
      <Filter>src\Platform\OpenGL</Filter>
    </ClInclude>
    <ClInclude Include="src\Platform\Windows\WindowsInput.h">
      <Filter>src\Platform\Windows</Filter>
    </ClInclude>
    <ClInclude Include="src\Platform\Windows\WindowsWindow.h">
      <Filter>src\Platform\Windows</Filter>
    </ClInclude>
    <ClInclude Include="src\pcheader.h">
      <Filter>src</Filter>
    </ClInclude>
  </ItemGroup>
  <ItemGroup>
    <ClCompile Include="src\OverEngine\Application.cpp">
      <Filter>src\OverEngine</Filter>
    </ClCompile>
    <ClCompile Include="src\OverEngine\DataStructs\Vector2.cpp">
      <Filter>src\OverEngine\DataStructs</Filter>
    </ClCompile>
    <ClCompile Include="src\OverEngine\ImGui\ImGuiLayer.cpp">
      <Filter>src\OverEngine\ImGui</Filter>
    </ClCompile>
    <ClCompile Include="src\OverEngine\Input\Input.cpp">
      <Filter>src\OverEngine\Input</Filter>
    </ClCompile>
    <ClCompile Include="src\OverEngine\Layers\Layer.cpp">
      <Filter>src\OverEngine\Layers</Filter>
    </ClCompile>
    <ClCompile Include="src\OverEngine\Layers\LayerStack.cpp">
      <Filter>src\OverEngine\Layers</Filter>
    </ClCompile>
    <ClCompile Include="src\OverEngine\Log.cpp">
      <Filter>src\OverEngine</Filter>
    </ClCompile>
    <ClCompile Include="src\Platform\OpenGL\ImGuiOpenGLImplBuild.cpp">
      <Filter>src\Platform\OpenGL</Filter>
    </ClCompile>
    <ClCompile Include="src\Platform\OpenGL\OpenGLContext.cpp">
      <Filter>src\Platform\OpenGL</Filter>
    </ClCompile>
    <ClCompile Include="src\Platform\Windows\WindowsInput.cpp">
      <Filter>src\Platform\Windows</Filter>
    </ClCompile>
    <ClCompile Include="src\Platform\Windows\WindowsWindow.cpp">
      <Filter>src\Platform\Windows</Filter>
    </ClCompile>
    <ClCompile Include="src\pcheader.cpp">
      <Filter>src</Filter>
    </ClCompile>
  </ItemGroup>
</Project>